
Microsoft Visual Studio Solution File, Format Version 12.00
# Visual Studio Version 17
VisualStudioVersion = 17.7.34018.315
MinimumVisualStudioVersion = 10.0.40219.1
Project("{FAE04EC0-301F-11D3-BF4B-00C04F79EFBC}") = "StatisticsManager", "StatisticsManager\StatisticsManager.csproj", "{27CE6F7B-4CC6-4468-B044-200760CCA9A2}"
EndProject
Global
	GlobalSection(SolutionConfigurationPlatforms) = preSolution
		Debug|Any CPU = Debug|Any CPU
		Release|Any CPU = Release|Any CPU
	EndGlobalSection
	GlobalSection(ProjectConfigurationPlatforms) = postSolution
		{27CE6F7B-4CC6-4468-B044-200760CCA9A2}.Debug|Any CPU.ActiveCfg = Debug|Any CPU
		{27CE6F7B-4CC6-4468-B044-200760CCA9A2}.Debug|Any CPU.Build.0 = Debug|Any CPU
		{27CE6F7B-4CC6-4468-B044-200760CCA9A2}.Release|Any CPU.ActiveCfg = Release|Any CPU
		{27CE6F7B-4CC6-4468-B044-200760CCA9A2}.Release|Any CPU.Build.0 = Release|Any CPU
	EndGlobalSection
	GlobalSection(SolutionProperties) = preSolution
		HideSolutionNode = FALSE
	EndGlobalSection
	GlobalSection(ExtensibilityGlobals) = postSolution
		SolutionGuid = {91ACDEEA-D061-4619-AF92-9334AAADB5FF}
	EndGlobalSection
EndGlobal
