
Microsoft Visual Studio Solution File, Format Version 12.00
# Visual Studio Version 17
VisualStudioVersion = 17.7.34018.315
MinimumVisualStudioVersion = 10.0.40219.1
Project("{FAE04EC0-301F-11D3-BF4B-00C04F79EFBC}") = "PayrollFileProcessor", "PayrollFileProcessor\PayrollFileProcessor.csproj", "{33774FCA-C183-40C1-807B-F00810675726}"
EndProject
Global
	GlobalSection(SolutionConfigurationPlatforms) = preSolution
		Debug|Any CPU = Debug|Any CPU
		Release|Any CPU = Release|Any CPU
	EndGlobalSection
	GlobalSection(ProjectConfigurationPlatforms) = postSolution
		{33774FCA-C183-40C1-807B-F00810675726}.Debug|Any CPU.ActiveCfg = Debug|Any CPU
		{33774FCA-C183-40C1-807B-F00810675726}.Debug|Any CPU.Build.0 = Debug|Any CPU
		{33774FCA-C183-40C1-807B-F00810675726}.Release|Any CPU.ActiveCfg = Release|Any CPU
		{33774FCA-C183-40C1-807B-F00810675726}.Release|Any CPU.Build.0 = Release|Any CPU
	EndGlobalSection
	GlobalSection(SolutionProperties) = preSolution
		HideSolutionNode = FALSE
	EndGlobalSection
	GlobalSection(ExtensibilityGlobals) = postSolution
		SolutionGuid = {7CC01031-C916-4A52-80E7-00F147E561D1}
	EndGlobalSection
EndGlobal
